
Microsoft Visual Studio Solution File, Format Version 12.00
# Visual Studio Version 16
VisualStudioVersion = 16.0.30114.105
MinimumVisualStudioVersion = 10.0.40219.1
Project("{9A19103F-16F7-4668-BE54-9A1E7A4F7556}") = "LicenseKeyCore", "LicenseKeyCore\LicenseKeyCore.csproj", "{81895B67-BD6F-44C8-B8E1-82E0256572E8}"
EndProject
Project("{FAE04EC0-301F-11D3-BF4B-00C04F79EFBC}") = "XUnitTestLicenseKeyCore", "XUnitTestLicenseKeyCore\XUnitTestLicenseKeyCore.csproj", "{8DBA8D33-346F-4FAE-B86E-9A3C726DD4E3}"
EndProject
Project("{FAE04EC0-301F-11D3-BF4B-00C04F79EFBC}") = "APIGateway", "APIGateway\APIGateway.csproj", "{C2CC5BB8-B400-49D1-9D2B-CD2ADA06A936}"
EndProject
Global
	GlobalSection(SolutionConfigurationPlatforms) = preSolution
		Debug|Any CPU = Debug|Any CPU
		Release|Any CPU = Release|Any CPU
	EndGlobalSection
	GlobalSection(ProjectConfigurationPlatforms) = postSolution
		{81895B67-BD6F-44C8-B8E1-82E0256572E8}.Debug|Any CPU.ActiveCfg = Debug|Any CPU
		{81895B67-BD6F-44C8-B8E1-82E0256572E8}.Debug|Any CPU.Build.0 = Debug|Any CPU
		{81895B67-BD6F-44C8-B8E1-82E0256572E8}.Release|Any CPU.ActiveCfg = Release|Any CPU
		{81895B67-BD6F-44C8-B8E1-82E0256572E8}.Release|Any CPU.Build.0 = Release|Any CPU
		{8DBA8D33-346F-4FAE-B86E-9A3C726DD4E3}.Debug|Any CPU.ActiveCfg = Debug|Any CPU
		{8DBA8D33-346F-4FAE-B86E-9A3C726DD4E3}.Debug|Any CPU.Build.0 = Debug|Any CPU
		{8DBA8D33-346F-4FAE-B86E-9A3C726DD4E3}.Release|Any CPU.ActiveCfg = Release|Any CPU
		{8DBA8D33-346F-4FAE-B86E-9A3C726DD4E3}.Release|Any CPU.Build.0 = Release|Any CPU
		{C2CC5BB8-B400-49D1-9D2B-CD2ADA06A936}.Debug|Any CPU.ActiveCfg = Debug|Any CPU
		{C2CC5BB8-B400-49D1-9D2B-CD2ADA06A936}.Debug|Any CPU.Build.0 = Debug|Any CPU
		{C2CC5BB8-B400-49D1-9D2B-CD2ADA06A936}.Release|Any CPU.ActiveCfg = Release|Any CPU
		{C2CC5BB8-B400-49D1-9D2B-CD2ADA06A936}.Release|Any CPU.Build.0 = Release|Any CPU
	EndGlobalSection
	GlobalSection(SolutionProperties) = preSolution
		HideSolutionNode = FALSE
	EndGlobalSection
	GlobalSection(ExtensibilityGlobals) = postSolution
		SolutionGuid = {185FD79E-21FF-4ABF-885B-4B2B1F4F3801}
	EndGlobalSection
EndGlobal
